<?xml version="1.0" encoding="utf-8"?>
<Project ToolsVersion="4.0" xmlns="http://schemas.microsoft.com/developer/msbuild/2003">
  <ItemGroup>
    <Filter Include="Source Files">
      <UniqueIdentifier>{4FC737F1-C7A5-4376-A066-2A32D752A2FF}</UniqueIdentifier>
      <Extensions>cpp;c;cc;cxx;def;odl;idl;hpj;bat;asm;asmx</Extensions>
    </Filter>
    <Filter Include="Header Files">
      <UniqueIdentifier>{93995380-89BD-4b04-88EB-625FBE52EBFB}</UniqueIdentifier>
      <Extensions>h;hh;hpp;hxx;hm;inl;inc;ipp;xsd</Extensions>
    </Filter>
    <Filter Include="Resource Files">
      <UniqueIdentifier>{67DA6AB6-F800-4c08-8B7A-83BB121AAD01}</UniqueIdentifier>
      <Extensions>rc;ico;cur;bmp;dlg;rc2;rct;bin;rgs;gif;jpg;jpeg;jpe;resx;tiff;tif;png;wav;mfcribbon-ms</Extensions>
    </Filter>
    <Filter Include="Header Files\stlport">
      <UniqueIdentifier>{6ec35614-080d-4783-916c-5bedf1f1e9d0}</UniqueIdentifier>
    </Filter>
    <Filter Include="Header Files\stlport\stl">
      <UniqueIdentifier>{5bd3ff8c-cfa5-491f-8592-c75e6c08efcc}</UniqueIdentifier>
    </Filter>
    <Filter Include="Header Files\stlport\stl\config">
      <UniqueIdentifier>{e2b98048-5155-480c-8c2e-e56aa320d2de}</UniqueIdentifier>
    </Filter>
    <Filter Include="Header Files\stlport\stl\pointers">
      <UniqueIdentifier>{2f06f726-3b4d-44f9-9fe7-2732f31ce1c8}</UniqueIdentifier>
    </Filter>
  </ItemGroup>
  <ItemGroup>
    <ClCompile Include="stl_test.cpp">
      <Filter>Source Files</Filter>
    </ClCompile>
    <ClCompile Include="..\stlport\stl\_algo.c">
      <Filter>Header Files\stlport\stl</Filter>
    </ClCompile>
    <ClCompile Include="..\stlport\stl\_algobase.c">
      <Filter>Header Files\stlport\stl</Filter>
    </ClCompile>
    <ClCompile Include="..\stlport\stl\_alloc.c">
      <Filter>Header Files\stlport\stl</Filter>
    </ClCompile>
    <ClCompile Include="..\stlport\stl\_bitset.c">
      <Filter>Header Files\stlport\stl</Filter>
    </ClCompile>
    <ClCompile Include="..\stlport\stl\_complex.c">
      <Filter>Header Files\stlport\stl</Filter>
    </ClCompile>
    <ClCompile Include="..\stlport\stl\_deque.c">
      <Filter>Header Files\stlport\stl</Filter>
    </ClCompile>
    <ClCompile Include="..\stlport\stl\_fstream.c">
      <Filter>Header Files\stlport\stl</Filter>
    </ClCompile>
    <ClCompile Include="..\stlport\stl\_hashtable.c">
      <Filter>Header Files\stlport\stl</Filter>
    </ClCompile>
    <ClCompile Include="..\stlport\stl\_heap.c">
      <Filter>Header Files\stlport\stl</Filter>
    </ClCompile>
    <ClCompile Include="..\stlport\stl\_ios.c">
      <Filter>Header Files\stlport\stl</Filter>
    </ClCompile>
    <ClCompile Include="..\stlport\stl\_istream.c">
      <Filter>Header Files\stlport\stl</Filter>
    </ClCompile>
    <ClCompile Include="..\stlport\stl\_limits.c">
      <Filter>Header Files\stlport\stl</Filter>
    </ClCompile>
    <ClCompile Include="..\stlport\stl\_list.c">
      <Filter>Header Files\stlport\stl</Filter>
    </ClCompile>
    <ClCompile Include="..\stlport\stl\_monetary.c">
      <Filter>Header Files\stlport\stl</Filter>
    </ClCompile>
    <ClCompile Include="..\stlport\stl\_num_get.c">
      <Filter>Header Files\stlport\stl</Filter>
    </ClCompile>
    <ClCompile Include="..\stlport\stl\_num_put.c">
      <Filter>Header Files\stlport\stl</Filter>
    </ClCompile>
    <ClCompile Include="..\stlport\stl\_numeric.c">
      <Filter>Header Files\stlport\stl</Filter>
    </ClCompile>
    <ClCompile Include="..\stlport\stl\_ostream.c">
      <Filter>Header Files\stlport\stl</Filter>
    </ClCompile>
    <ClCompile Include="..\stlport\stl\_range_errors.c">
      <Filter>Header Files\stlport\stl</Filter>
    </ClCompile>
    <ClCompile Include="..\stlport\stl\_rope.c">
      <Filter>Header Files\stlport\stl</Filter>
    </ClCompile>
    <ClCompile Include="..\stlport\stl\_slist.c">
      <Filter>Header Files\stlport\stl</Filter>
    </ClCompile>
    <ClCompile Include="..\stlport\stl\_slist_base.c">
      <Filter>Header Files\stlport\stl</Filter>
    </ClCompile>
    <ClCompile Include="..\stlport\stl\_sstream.c">
      <Filter>Header Files\stlport\stl</Filter>
    </ClCompile>
    <ClCompile Include="..\stlport\stl\_stdexcept_base.c">
      <Filter>Header Files\stlport\stl</Filter>
    </ClCompile>
    <ClCompile Include="..\stlport\stl\_streambuf.c">
      <Filter>Header Files\stlport\stl</Filter>
    </ClCompile>
    <ClCompile Include="..\stlport\stl\_string.c">
      <Filter>Header Files\stlport\stl</Filter>
    </ClCompile>
    <ClCompile Include="..\stlport\stl\_string_io.c">
      <Filter>Header Files\stlport\stl</Filter>
    </ClCompile>
    <ClCompile Include="..\stlport\stl\_tempbuf.c">
      <Filter>Header Files\stlport\stl</Filter>
    </ClCompile>
    <ClCompile Include="..\stlport\stl\_threads.c">
      <Filter>Header Files\stlport\stl</Filter>
    </ClCompile>
    <ClCompile Include="..\stlport\stl\_time_facets.c">
      <Filter>Header Files\stlport\stl</Filter>
    </ClCompile>
    <ClCompile Include="..\stlport\stl\_tree.c">
      <Filter>Header Files\stlport\stl</Filter>
    </ClCompile>
    <ClCompile Include="..\stlport\stl\_valarray.c">
      <Filter>Header Files\stlport\stl</Filter>
    </ClCompile>
    <ClCompile Include="..\stlport\stl\_vector.c">
      <Filter>Header Files\stlport\stl</Filter>
    </ClCompile>
  </ItemGroup>
  <ItemGroup>
    <None Include="..\stlport\algorithm">
      <Filter>Header Files\stlport</Filter>
    </None>
    <None Include="..\stlport\bitset">
      <Filter>Header Files\stlport</Filter>
    </None>
    <None Include="..\stlport\cassert">
      <Filter>Header Files\stlport</Filter>
    </None>
    <None Include="..\stlport\cctype">
      <Filter>Header Files\stlport</Filter>
    </None>
    <None Include="..\stlport\cerrno">
      <Filter>Header Files\stlport</Filter>
    </None>
    <None Include="..\stlport\cfloat">
      <Filter>Header Files\stlport</Filter>
    </None>
    <None Include="..\stlport\ciso646">
      <Filter>Header Files\stlport</Filter>
    </None>
    <None Include="..\stlport\climits">
      <Filter>Header Files\stlport</Filter>
    </None>
    <None Include="..\stlport\clocale">
      <Filter>Header Files\stlport</Filter>
    </None>
    <None Include="..\stlport\cmath">
      <Filter>Header Files\stlport</Filter>
    </None>
    <None Include="..\stlport\complex">
      <Filter>Header Files\stlport</Filter>
    </None>
    <None Include="..\stlport\csetjmp">
      <Filter>Header Files\stlport</Filter>
    </None>
    <None Include="..\stlport\csignal">
      <Filter>Header Files\stlport</Filter>
    </None>
    <None Include="..\stlport\cstdarg">
      <Filter>Header Files\stlport</Filter>
    </None>
    <None Include="..\stlport\cstddef">
      <Filter>Header Files\stlport</Filter>
    </None>
    <None Include="..\stlport\cstdio">
      <Filter>Header Files\stlport</Filter>
    </None>
    <None Include="..\stlport\cstdlib">
      <Filter>Header Files\stlport</Filter>
    </None>
    <None Include="..\stlport\cstring">
      <Filter>Header Files\stlport</Filter>
    </None>
    <None Include="..\stlport\ctime">
      <Filter>Header Files\stlport</Filter>
    </None>
    <None Include="..\stlport\cwchar">
      <Filter>Header Files\stlport</Filter>
    </None>
    <None Include="..\stlport\cwctype">
      <Filter>Header Files\stlport</Filter>
    </None>
    <None Include="..\stlport\deque">
      <Filter>Header Files\stlport</Filter>
    </None>
    <None Include="..\stlport\exception">
      <Filter>Header Files\stlport</Filter>
    </None>
    <None Include="..\stlport\fstream">
      <Filter>Header Files\stlport</Filter>
    </None>
    <None Include="..\stlport\functional">
      <Filter>Header Files\stlport</Filter>
    </None>
    <None Include="..\stlport\hash_map">
      <Filter>Header Files\stlport</Filter>
    </None>
    <None Include="..\stlport\hash_set">
      <Filter>Header Files\stlport</Filter>
    </None>
    <None Include="..\stlport\iomanip">
      <Filter>Header Files\stlport</Filter>
    </None>
    <None Include="..\stlport\ios">
      <Filter>Header Files\stlport</Filter>
    </None>
    <None Include="..\stlport\iosfwd">
      <Filter>Header Files\stlport</Filter>
    </None>
    <None Include="..\stlport\iostream">
      <Filter>Header Files\stlport</Filter>
    </None>
    <None Include="..\stlport\istream">
      <Filter>Header Files\stlport</Filter>
    </None>
    <None Include="..\stlport\iterator">
      <Filter>Header Files\stlport</Filter>
    </None>
    <None Include="..\stlport\limits">
      <Filter>Header Files\stlport</Filter>
    </None>
    <None Include="..\stlport\list">
      <Filter>Header Files\stlport</Filter>
    </None>
    <None Include="..\stlport\locale">
      <Filter>Header Files\stlport</Filter>
    </None>
    <None Include="..\stlport\map">
      <Filter>Header Files\stlport</Filter>
    </None>
    <None Include="..\stlport\memory">
      <Filter>Header Files\stlport</Filter>
    </None>
    <None Include="..\stlport\new">
      <Filter>Header Files\stlport</Filter>
    </None>
    <None Include="..\stlport\numeric">
      <Filter>Header Files\stlport</Filter>
    </None>
    <None Include="..\stlport\ostream">
      <Filter>Header Files\stlport</Filter>
    </None>
    <None Include="..\stlport\pthread_alloc">
      <Filter>Header Files\stlport</Filter>
    </None>
    <None Include="..\stlport\queue">
      <Filter>Header Files\stlport</Filter>
    </None>
    <None Include="..\stlport\rope">
      <Filter>Header Files\stlport</Filter>
    </None>
    <None Include="..\stlport\set">
      <Filter>Header Files\stlport</Filter>
    </None>
    <None Include="..\stlport\slist">
      <Filter>Header Files\stlport</Filter>
    </None>
    <None Include="..\stlport\sstream">
      <Filter>Header Files\stlport</Filter>
    </None>
    <None Include="..\stlport\stack">
      <Filter>Header Files\stlport</Filter>
    </None>
    <None Include="..\stlport\stdexcept">
      <Filter>Header Files\stlport</Filter>
    </None>
    <None Include="..\stlport\streambuf">
      <Filter>Header Files\stlport</Filter>
    </None>
    <None Include="..\stlport\string">
      <Filter>Header Files\stlport</Filter>
    </None>
    <None Include="..\stlport\strstream">
      <Filter>Header Files\stlport</Filter>
    </None>
    <None Include="..\stlport\type_traits">
      <Filter>Header Files\stlport</Filter>
    </None>
    <None Include="..\stlport\typeinfo">
      <Filter>Header Files\stlport</Filter>
    </None>
    <None Include="..\stlport\unordered_map">
      <Filter>Header Files\stlport</Filter>
    </None>
    <None Include="..\stlport\unordered_set">
      <Filter>Header Files\stlport</Filter>
    </None>
    <None Include="..\stlport\utility">
      <Filter>Header Files\stlport</Filter>
    </None>
    <None Include="..\stlport\valarray">
      <Filter>Header Files\stlport</Filter>
    </None>
    <None Include="..\stlport\vector">
      <Filter>Header Files\stlport</Filter>
    </None>
  </ItemGroup>
  <ItemGroup>
    <ClInclude Include="..\stlport\assert.h">
      <Filter>Header Files\stlport</Filter>
    </ClInclude>
    <ClInclude Include="..\stlport\ctype.h">
      <Filter>Header Files\stlport</Filter>
    </ClInclude>
    <ClInclude Include="..\stlport\errno.h">
      <Filter>Header Files\stlport</Filter>
    </ClInclude>
    <ClInclude Include="..\stlport\exception.h">
      <Filter>Header Files\stlport</Filter>
    </ClInclude>
    <ClInclude Include="..\stlport\float.h">
      <Filter>Header Files\stlport</Filter>
    </ClInclude>
    <ClInclude Include="..\stlport\fstream.h">
      <Filter>Header Files\stlport</Filter>
    </ClInclude>
    <ClInclude Include="..\stlport\iomanip.h">
      <Filter>Header Files\stlport</Filter>
    </ClInclude>
    <ClInclude Include="..\stlport\ios.h">
      <Filter>Header Files\stlport</Filter>
    </ClInclude>
    <ClInclude Include="..\stlport\iostream.h">
      <Filter>Header Files\stlport</Filter>
    </ClInclude>
    <ClInclude Include="..\stlport\iso646.h">
      <Filter>Header Files\stlport</Filter>
    </ClInclude>
    <ClInclude Include="..\stlport\istream.h">
      <Filter>Header Files\stlport</Filter>
    </ClInclude>
    <ClInclude Include="..\stlport\limits.h">
      <Filter>Header Files\stlport</Filter>
    </ClInclude>
    <ClInclude Include="..\stlport\locale.h">
      <Filter>Header Files\stlport</Filter>
    </ClInclude>
    <ClInclude Include="..\stlport\math.h">
      <Filter>Header Files\stlport</Filter>
    </ClInclude>
    <ClInclude Include="..\stlport\mem.h">
      <Filter>Header Files\stlport</Filter>
    </ClInclude>
    <ClInclude Include="..\stlport\new.h">
      <Filter>Header Files\stlport</Filter>
    </ClInclude>
    <ClInclude Include="..\stlport\ostream.h">
      <Filter>Header Files\stlport</Filter>
    </ClInclude>
    <ClInclude Include="..\stlport\pthread.h">
      <Filter>Header Files\stlport</Filter>
    </ClInclude>
    <ClInclude Include="..\stlport\rlocks.h">
      <Filter>Header Files\stlport</Filter>
    </ClInclude>
    <ClInclude Include="..\stlport\setjmp.h">
      <Filter>Header Files\stlport</Filter>
    </ClInclude>
    <ClInclude Include="..\stlport\signal.h">
      <Filter>Header Files\stlport</Filter>
    </ClInclude>
    <ClInclude Include="..\stlport\stdarg.h">
      <Filter>Header Files\stlport</Filter>
    </ClInclude>
    <ClInclude Include="..\stlport\stddef.h">
      <Filter>Header Files\stlport</Filter>
    </ClInclude>
    <ClInclude Include="..\stlport\stdio.h">
      <Filter>Header Files\stlport</Filter>
    </ClInclude>
    <ClInclude Include="..\stlport\stdiostream.h">
      <Filter>Header Files\stlport</Filter>
    </ClInclude>
    <ClInclude Include="..\stlport\stdlib.h">
      <Filter>Header Files\stlport</Filter>
    </ClInclude>
    <ClInclude Include="..\stlport\streambuf.h">
      <Filter>Header Files\stlport</Filter>
    </ClInclude>
    <ClInclude Include="..\stlport\string.h">
      <Filter>Header Files\stlport</Filter>
    </ClInclude>
    <ClInclude Include="..\stlport\strstream.h">
      <Filter>Header Files\stlport</Filter>
    </ClInclude>
    <ClInclude Include="..\stlport\time.h">
      <Filter>Header Files\stlport</Filter>
    </ClInclude>
    <ClInclude Include="..\stlport\typeinfo.h">
      <Filter>Header Files\stlport</Filter>
    </ClInclude>
    <ClInclude Include="..\stlport\wchar.h">
      <Filter>Header Files\stlport</Filter>
    </ClInclude>
    <ClInclude Include="..\stlport\wctype.h">
      <Filter>Header Files\stlport</Filter>
    </ClInclude>
    <ClInclude Include="..\stlport\stl\_abbrevs.h">
      <Filter>Header Files\stlport\stl</Filter>
    </ClInclude>
    <ClInclude Include="..\stlport\stl\_algo.h">
      <Filter>Header Files\stlport\stl</Filter>
    </ClInclude>
    <ClInclude Include="..\stlport\stl\_algobase.h">
      <Filter>Header Files\stlport\stl</Filter>
    </ClInclude>
    <ClInclude Include="..\stlport\stl\_alloc.h">
      <Filter>Header Files\stlport\stl</Filter>
    </ClInclude>
    <ClInclude Include="..\stlport\stl\_auto_ptr.h">
      <Filter>Header Files\stlport\stl</Filter>
    </ClInclude>
    <ClInclude Include="..\stlport\stl\_bitset.h">
      <Filter>Header Files\stlport\stl</Filter>
    </ClInclude>
    <ClInclude Include="..\stlport\stl\_bvector.h">
      <Filter>Header Files\stlport\stl</Filter>
    </ClInclude>
    <ClInclude Include="..\stlport\stl\_carray.h">
      <Filter>Header Files\stlport\stl</Filter>
    </ClInclude>
    <ClInclude Include="..\stlport\stl\_cctype.h">
      <Filter>Header Files\stlport\stl</Filter>
    </ClInclude>
    <ClInclude Include="..\stlport\stl\_clocale.h">
      <Filter>Header Files\stlport\stl</Filter>
    </ClInclude>
    <ClInclude Include="..\stlport\stl\_cmath.h">
      <Filter>Header Files\stlport\stl</Filter>
    </ClInclude>
    <ClInclude Include="..\stlport\stl\_codecvt.h">
      <Filter>Header Files\stlport\stl</Filter>
    </ClInclude>
    <ClInclude Include="..\stlport\stl\_collate.h">
      <Filter>Header Files\stlport\stl</Filter>
    </ClInclude>
    <ClInclude Include="..\stlport\stl\_complex.h">
      <Filter>Header Files\stlport\stl</Filter>
    </ClInclude>
    <ClInclude Include="..\stlport\stl\_config_compat_post.h">
      <Filter>Header Files\stlport\stl</Filter>
    </ClInclude>
    <ClInclude Include="..\stlport\stl\_construct.h">
      <Filter>Header Files\stlport\stl</Filter>
    </ClInclude>
    <ClInclude Include="..\stlport\stl\_cprolog.h">
      <Filter>Header Files\stlport\stl</Filter>
    </ClInclude>
    <ClInclude Include="..\stlport\stl\_csetjmp.h">
      <Filter>Header Files\stlport\stl</Filter>
    </ClInclude>
    <ClInclude Include="..\stlport\stl\_csignal.h">
      <Filter>Header Files\stlport\stl</Filter>
    </ClInclude>
    <ClInclude Include="..\stlport\stl\_cstdarg.h">
      <Filter>Header Files\stlport\stl</Filter>
    </ClInclude>
    <ClInclude Include="..\stlport\stl\_cstddef.h">
      <Filter>Header Files\stlport\stl</Filter>
    </ClInclude>
    <ClInclude Include="..\stlport\stl\_cstdio.h">
      <Filter>Header Files\stlport\stl</Filter>
    </ClInclude>
    <ClInclude Include="..\stlport\stl\_cstdlib.h">
      <Filter>Header Files\stlport\stl</Filter>
    </ClInclude>
    <ClInclude Include="..\stlport\stl\_cstring.h">
      <Filter>Header Files\stlport\stl</Filter>
    </ClInclude>
    <ClInclude Include="..\stlport\stl\_ctime.h">
      <Filter>Header Files\stlport\stl</Filter>
    </ClInclude>
    <ClInclude Include="..\stlport\stl\_ctraits_fns.h">
      <Filter>Header Files\stlport\stl</Filter>
    </ClInclude>
    <ClInclude Include="..\stlport\stl\_ctype.h">
      <Filter>Header Files\stlport\stl</Filter>
    </ClInclude>
    <ClInclude Include="..\stlport\stl\_cwchar.h">
      <Filter>Header Files\stlport\stl</Filter>
    </ClInclude>
    <ClInclude Include="..\stlport\stl\_cwctype.h">
      <Filter>Header Files\stlport\stl</Filter>
    </ClInclude>
    <ClInclude Include="..\stlport\stl\_deque.h">
      <Filter>Header Files\stlport\stl</Filter>
    </ClInclude>
    <ClInclude Include="..\stlport\stl\_epilog.h">
      <Filter>Header Files\stlport\stl</Filter>
    </ClInclude>
    <ClInclude Include="..\stlport\stl\_exception.h">
      <Filter>Header Files\stlport\stl</Filter>
    </ClInclude>
    <ClInclude Include="..\stlport\stl\_facets_fwd.h">
      <Filter>Header Files\stlport\stl</Filter>
    </ClInclude>
    <ClInclude Include="..\stlport\stl\_fstream.h">
      <Filter>Header Files\stlport\stl</Filter>
    </ClInclude>
    <ClInclude Include="..\stlport\stl\_function.h">
      <Filter>Header Files\stlport\stl</Filter>
    </ClInclude>
    <ClInclude Include="..\stlport\stl\_function_adaptors.h">
      <Filter>Header Files\stlport\stl</Filter>
    </ClInclude>
    <ClInclude Include="..\stlport\stl\_function_base.h">
      <Filter>Header Files\stlport\stl</Filter>
    </ClInclude>
    <ClInclude Include="..\stlport\stl\_hash_fun.h">
      <Filter>Header Files\stlport\stl</Filter>
    </ClInclude>
    <ClInclude Include="..\stlport\stl\_hash_map.h">
      <Filter>Header Files\stlport\stl</Filter>
    </ClInclude>
    <ClInclude Include="..\stlport\stl\_hash_set.h">
      <Filter>Header Files\stlport\stl</Filter>
    </ClInclude>
    <ClInclude Include="..\stlport\stl\_hashtable.h">
      <Filter>Header Files\stlport\stl</Filter>
    </ClInclude>
    <ClInclude Include="..\stlport\stl\_heap.h">
      <Filter>Header Files\stlport\stl</Filter>
    </ClInclude>
    <ClInclude Include="..\stlport\stl\_iomanip.h">
      <Filter>Header Files\stlport\stl</Filter>
    </ClInclude>
    <ClInclude Include="..\stlport\stl\_ios.h">
      <Filter>Header Files\stlport\stl</Filter>
    </ClInclude>
    <ClInclude Include="..\stlport\stl\_ios_base.h">
      <Filter>Header Files\stlport\stl</Filter>
    </ClInclude>
    <ClInclude Include="..\stlport\stl\_ioserr.h">
      <Filter>Header Files\stlport\stl</Filter>
    </ClInclude>
    <ClInclude Include="..\stlport\stl\_iosfwd.h">
      <Filter>Header Files\stlport\stl</Filter>
    </ClInclude>
    <ClInclude Include="..\stlport\stl\_iostream_string.h">
      <Filter>Header Files\stlport\stl</Filter>
    </ClInclude>
    <ClInclude Include="..\stlport\stl\_istream.h">
      <Filter>Header Files\stlport\stl</Filter>
    </ClInclude>
    <ClInclude Include="..\stlport\stl\_istreambuf_iterator.h">
      <Filter>Header Files\stlport\stl</Filter>
    </ClInclude>
    <ClInclude Include="..\stlport\stl\_iterator.h">
      <Filter>Header Files\stlport\stl</Filter>
    </ClInclude>
    <ClInclude Include="..\stlport\stl\_iterator_base.h">
      <Filter>Header Files\stlport\stl</Filter>
    </ClInclude>
    <ClInclude Include="..\stlport\stl\_iterator_old.h">
      <Filter>Header Files\stlport\stl</Filter>
    </ClInclude>
    <ClInclude Include="..\stlport\stl\_limits.h">
      <Filter>Header Files\stlport\stl</Filter>
    </ClInclude>
    <ClInclude Include="..\stlport\stl\_list.h">
      <Filter>Header Files\stlport\stl</Filter>
    </ClInclude>
    <ClInclude Include="..\stlport\stl\_locale.h">
      <Filter>Header Files\stlport\stl</Filter>
    </ClInclude>
    <ClInclude Include="..\stlport\stl\_map.h">
      <Filter>Header Files\stlport\stl</Filter>
    </ClInclude>
    <ClInclude Include="..\stlport\stl\_mbstate_t.h">
      <Filter>Header Files\stlport\stl</Filter>
    </ClInclude>
    <ClInclude Include="..\stlport\stl\_messages_facets.h">
      <Filter>Header Files\stlport\stl</Filter>
    </ClInclude>
    <ClInclude Include="..\stlport\stl\_monetary.h">
      <Filter>Header Files\stlport\stl</Filter>
    </ClInclude>
    <ClInclude Include="..\stlport\stl\_move_construct_fwk.h">
      <Filter>Header Files\stlport\stl</Filter>
    </ClInclude>
    <ClInclude Include="..\stlport\stl\_new.h">
      <Filter>Header Files\stlport\stl</Filter>
    </ClInclude>
    <ClInclude Include="..\stlport\stl\_num_get.h">
      <Filter>Header Files\stlport\stl</Filter>
    </ClInclude>
    <ClInclude Include="..\stlport\stl\_num_put.h">
      <Filter>Header Files\stlport\stl</Filter>
    </ClInclude>
    <ClInclude Include="..\stlport\stl\_numeric.h">
      <Filter>Header Files\stlport\stl</Filter>
    </ClInclude>
    <ClInclude Include="..\stlport\stl\_numpunct.h">
      <Filter>Header Files\stlport\stl</Filter>
    </ClInclude>
    <ClInclude Include="..\stlport\stl\_ostream.h">
      <Filter>Header Files\stlport\stl</Filter>
    </ClInclude>
    <ClInclude Include="..\stlport\stl\_ostreambuf_iterator.h">
      <Filter>Header Files\stlport\stl</Filter>
    </ClInclude>
    <ClInclude Include="..\stlport\stl\_pair.h">
      <Filter>Header Files\stlport\stl</Filter>
    </ClInclude>
    <ClInclude Include="..\stlport\stl\_prolog.h">
      <Filter>Header Files\stlport\stl</Filter>
    </ClInclude>
    <ClInclude Include="..\stlport\stl\_pthread_alloc.h">
      <Filter>Header Files\stlport\stl</Filter>
    </ClInclude>
    <ClInclude Include="..\stlport\stl\_ptrs_specialize.h">
      <Filter>Header Files\stlport\stl</Filter>
    </ClInclude>
    <ClInclude Include="..\stlport\stl\_queue.h">
      <Filter>Header Files\stlport\stl</Filter>
    </ClInclude>
    <ClInclude Include="..\stlport\stl\_range_errors.h">
      <Filter>Header Files\stlport\stl</Filter>
    </ClInclude>
    <ClInclude Include="..\stlport\stl\_raw_storage_iter.h">
      <Filter>Header Files\stlport\stl</Filter>
    </ClInclude>
    <ClInclude Include="..\stlport\stl\_relops_cont.h">
      <Filter>Header Files\stlport\stl</Filter>
    </ClInclude>
    <ClInclude Include="..\stlport\stl\_relops_hash_cont.h">
      <Filter>Header Files\stlport\stl</Filter>
    </ClInclude>
    <ClInclude Include="..\stlport\stl\_rope.h">
      <Filter>Header Files\stlport\stl</Filter>
    </ClInclude>
    <ClInclude Include="..\stlport\stl\_set.h">
      <Filter>Header Files\stlport\stl</Filter>
    </ClInclude>
    <ClInclude Include="..\stlport\stl\_slist.h">
      <Filter>Header Files\stlport\stl</Filter>
    </ClInclude>
    <ClInclude Include="..\stlport\stl\_slist_base.h">
      <Filter>Header Files\stlport\stl</Filter>
    </ClInclude>
    <ClInclude Include="..\stlport\stl\_sparc_atomic.h">
      <Filter>Header Files\stlport\stl</Filter>
    </ClInclude>
    <ClInclude Include="..\stlport\stl\_sstream.h">
      <Filter>Header Files\stlport\stl</Filter>
    </ClInclude>
    <ClInclude Include="..\stlport\stl\_stack.h">
      <Filter>Header Files\stlport\stl</Filter>
    </ClInclude>
    <ClInclude Include="..\stlport\stl\_stdexcept.h">
      <Filter>Header Files\stlport\stl</Filter>
    </ClInclude>
    <ClInclude Include="..\stlport\stl\_stdexcept_base.h">
      <Filter>Header Files\stlport\stl</Filter>
    </ClInclude>
    <ClInclude Include="..\stlport\stl\_stlport_version.h">
      <Filter>Header Files\stlport\stl</Filter>
    </ClInclude>
    <ClInclude Include="..\stlport\stl\_stream_iterator.h">
      <Filter>Header Files\stlport\stl</Filter>
    </ClInclude>
    <ClInclude Include="..\stlport\stl\_streambuf.h">
      <Filter>Header Files\stlport\stl</Filter>
    </ClInclude>
    <ClInclude Include="..\stlport\stl\_string.h">
      <Filter>Header Files\stlport\stl</Filter>
    </ClInclude>
    <ClInclude Include="..\stlport\stl\_string_base.h">
      <Filter>Header Files\stlport\stl</Filter>
    </ClInclude>
    <ClInclude Include="..\stlport\stl\_string_fwd.h">
      <Filter>Header Files\stlport\stl</Filter>
    </ClInclude>
    <ClInclude Include="..\stlport\stl\_string_hash.h">
      <Filter>Header Files\stlport\stl</Filter>
    </ClInclude>
    <ClInclude Include="..\stlport\stl\_string_io.h">
      <Filter>Header Files\stlport\stl</Filter>
    </ClInclude>
    <ClInclude Include="..\stlport\stl\_string_npos.h">
      <Filter>Header Files\stlport\stl</Filter>
    </ClInclude>
    <ClInclude Include="..\stlport\stl\_string_operators.h">
      <Filter>Header Files\stlport\stl</Filter>
    </ClInclude>
    <ClInclude Include="..\stlport\stl\_string_sum.h">
      <Filter>Header Files\stlport\stl</Filter>
    </ClInclude>
    <ClInclude Include="..\stlport\stl\_string_sum_methods.h">
      <Filter>Header Files\stlport\stl</Filter>
    </ClInclude>
    <ClInclude Include="..\stlport\stl\_string_workaround.h">
      <Filter>Header Files\stlport\stl</Filter>
    </ClInclude>
    <ClInclude Include="..\stlport\stl\_strstream.h">
      <Filter>Header Files\stlport\stl</Filter>
    </ClInclude>
    <ClInclude Include="..\stlport\stl\_tempbuf.h">
      <Filter>Header Files\stlport\stl</Filter>
    </ClInclude>
    <ClInclude Include="..\stlport\stl\_threads.h">
      <Filter>Header Files\stlport\stl</Filter>
    </ClInclude>
    <ClInclude Include="..\stlport\stl\_time_facets.h">
      <Filter>Header Files\stlport\stl</Filter>
    </ClInclude>
    <ClInclude Include="..\stlport\stl\_tree.h">
      <Filter>Header Files\stlport\stl</Filter>
    </ClInclude>
    <ClInclude Include="..\stlport\stl\_typeinfo.h">
      <Filter>Header Files\stlport\stl</Filter>
    </ClInclude>
    <ClInclude Include="..\stlport\stl\_uninitialized.h">
      <Filter>Header Files\stlport\stl</Filter>
    </ClInclude>
    <ClInclude Include="..\stlport\stl\_unordered_map.h">
      <Filter>Header Files\stlport\stl</Filter>
    </ClInclude>
    <ClInclude Include="..\stlport\stl\_unordered_set.h">
      <Filter>Header Files\stlport\stl</Filter>
    </ClInclude>
    <ClInclude Include="..\stlport\stl\_valarray.h">
      <Filter>Header Files\stlport\stl</Filter>
    </ClInclude>
    <ClInclude Include="..\stlport\stl\_vector.h">
      <Filter>Header Files\stlport\stl</Filter>
    </ClInclude>
    <ClInclude Include="..\stlport\stl\boost_type_traits.h">
      <Filter>Header Files\stlport\stl</Filter>
    </ClInclude>
    <ClInclude Include="..\stlport\stl\c_locale.h">
      <Filter>Header Files\stlport\stl</Filter>
    </ClInclude>
    <ClInclude Include="..\stlport\stl\char_traits.h">
      <Filter>Header Files\stlport\stl</Filter>
    </ClInclude>
    <ClInclude Include="..\stlport\stl\concept_checks.h">
      <Filter>Header Files\stlport\stl</Filter>
    </ClInclude>
    <ClInclude Include="..\stlport\stl\msl_string.h">
      <Filter>Header Files\stlport\stl</Filter>
    </ClInclude>
    <ClInclude Include="..\stlport\stl\type_manips.h">
      <Filter>Header Files\stlport\stl</Filter>
    </ClInclude>
    <ClInclude Include="..\stlport\stl\type_traits.h">
      <Filter>Header Files\stlport\stl</Filter>
    </ClInclude>
    <ClInclude Include="..\stlport\stl\config\_auto_link.h">
      <Filter>Header Files\stlport\stl\config</Filter>
    </ClInclude>
    <ClInclude Include="..\stlport\stl\config\_detect_dll_or_lib.h">
      <Filter>Header Files\stlport\stl\config</Filter>
    </ClInclude>
    <ClInclude Include="..\stlport\stl\config\_feedback.h">
      <Filter>Header Files\stlport\stl\config</Filter>
    </ClInclude>
    <ClInclude Include="..\stlport\stl\config\_kai.h">
      <Filter>Header Files\stlport\stl\config</Filter>
    </ClInclude>
    <ClInclude Include="..\stlport\stl\config\_msvc.h">
      <Filter>Header Files\stlport\stl\config</Filter>
    </ClInclude>
    <ClInclude Include="..\stlport\stl\config\_native_headers.h">
      <Filter>Header Files\stlport\stl\config</Filter>
    </ClInclude>
    <ClInclude Include="..\stlport\stl\config\_sgi.h">
      <Filter>Header Files\stlport\stl\config</Filter>
    </ClInclude>
    <ClInclude Include="..\stlport\stl\config\_system.h">
      <Filter>Header Files\stlport\stl\config</Filter>
    </ClInclude>
    <ClInclude Include="..\stlport\stl\config\_warnings_off.h">
      <Filter>Header Files\stlport\stl\config</Filter>
    </ClInclude>
    <ClInclude Include="..\stlport\stl\config\_windows.h">
      <Filter>Header Files\stlport\stl\config</Filter>
    </ClInclude>
    <ClInclude Include="..\stlport\stl\config\compat.h">
      <Filter>Header Files\stlport\stl\config</Filter>
    </ClInclude>
    <ClInclude Include="..\stlport\stl\config\features.h">
      <Filter>Header Files\stlport\stl\config</Filter>
    </ClInclude>
    <ClInclude Include="..\stlport\stl\config\host.h">
      <Filter>Header Files\stlport\stl\config</Filter>
    </ClInclude>
    <ClInclude Include="..\stlport\stl\config\stl_confix.h">
      <Filter>Header Files\stlport\stl\config</Filter>
    </ClInclude>
    <ClInclude Include="..\stlport\stl\config\stl_mycomp.h">
      <Filter>Header Files\stlport\stl\config</Filter>
    </ClInclude>
    <ClInclude Include="..\stlport\stl\config\user_config.h">
      <Filter>Header Files\stlport\stl\config</Filter>
    </ClInclude>
    <ClInclude Include="..\stlport\stl\pointers\_deque.h">
      <Filter>Header Files\stlport\stl\pointers</Filter>
    </ClInclude>
    <ClInclude Include="..\stlport\stl\pointers\_list.h">
      <Filter>Header Files\stlport\stl\pointers</Filter>
    </ClInclude>
    <ClInclude Include="..\stlport\stl\pointers\_set.h">
      <Filter>Header Files\stlport\stl\pointers</Filter>
    </ClInclude>
    <ClInclude Include="..\stlport\stl\pointers\_slist.h">
      <Filter>Header Files\stlport\stl\pointers</Filter>
    </ClInclude>
    <ClInclude Include="..\stlport\stl\pointers\_tools.h">
      <Filter>Header Files\stlport\stl\pointers</Filter>
    </ClInclude>
    <ClInclude Include="..\stlport\stl\pointers\_vector.h">
      <Filter>Header Files\stlport\stl\pointers</Filter>
    </ClInclude>
  </ItemGroup>
</Project>